
Microsoft Visual Studio Solution File, Format Version 12.00
# Visual Studio Version 16
VisualStudioVersion = 16.0.30114.105
MinimumVisualStudioVersion = 10.0.40219.1
Project("{9A19103F-16F7-4668-BE54-9A1E7A4F7556}") = "FeatureManagementTargetingSample", "FeatureManagementTargetingSample.csproj", "{745E1D44-A60F-49E0-B814-E996CF7F5F12}"
EndProject
Global
	GlobalSection(SolutionConfigurationPlatforms) = preSolution
		Debug|Any CPU = Debug|Any CPU
		Release|Any CPU = Release|Any CPU
	EndGlobalSection
	GlobalSection(ProjectConfigurationPlatforms) = postSolution
		{745E1D44-A60F-49E0-B814-E996CF7F5F12}.Debug|Any CPU.ActiveCfg = Debug|Any CPU
		{745E1D44-A60F-49E0-B814-E996CF7F5F12}.Debug|Any CPU.Build.0 = Debug|Any CPU
		{745E1D44-A60F-49E0-B814-E996CF7F5F12}.Release|Any CPU.ActiveCfg = Release|Any CPU
		{745E1D44-A60F-49E0-B814-E996CF7F5F12}.Release|Any CPU.Build.0 = Release|Any CPU
	EndGlobalSection
	GlobalSection(SolutionProperties) = preSolution
		HideSolutionNode = FALSE
	EndGlobalSection
	GlobalSection(ExtensibilityGlobals) = postSolution
		SolutionGuid = {EE978A24-6A57-45A7-B038-128BA1DA42BC}
	EndGlobalSection
EndGlobal
